// !$*UTF8*$!
{
	archiveVersion = 1;
	classes = {
	};
	objectVersion = 46;
	objects = {

/* Begin PBXBuildFile section */
		4C2A2BB31DAB26DC00C110FC /* ProjectEuler_Swift_Tests.swift in Sources */ = {isa = PBXBuildFile; fileRef = 4C2A2BB21DAB26DC00C110FC /* ProjectEuler_Swift_Tests.swift */; };
		4C9F508F1DAB262200F172A2 /* main.swift in Sources */ = {isa = PBXBuildFile; fileRef = 4C9F508E1DAB262200F172A2 /* main.swift */; };
		4CC20B081DAB2A4D0065266B /* Problem.swift in Sources */ = {isa = PBXBuildFile; fileRef = 4CC20B071DAB2A4D0065266B /* Problem.swift */; };
		4CC20B0A1DAB2B090065266B /* Problem1.swift in Sources */ = {isa = PBXBuildFile; fileRef = 4CC20B091DAB2B090065266B /* Problem1.swift */; };
		4CC20B0D1DAB2B650065266B /* Problem1Tests.swift in Sources */ = {isa = PBXBuildFile; fileRef = 4CC20B0C1DAB2B650065266B /* Problem1Tests.swift */; };
		4CC20B231DAB2F4F0065266B /* Problem.swift in Sources */ = {isa = PBXBuildFile; fileRef = 4CC20B071DAB2A4D0065266B /* Problem.swift */; };
		4CC20B241DAB2F4F0065266B /* Problem1.swift in Sources */ = {isa = PBXBuildFile; fileRef = 4CC20B091DAB2B090065266B /* Problem1.swift */; };
		4CC20B251DAB2F520065266B /* main.swift in Sources */ = {isa = PBXBuildFile; fileRef = 4C9F508E1DAB262200F172A2 /* main.swift */; };
		4CC20B271DAB35F70065266B /* Problem2Tests.swift in Sources */ = {isa = PBXBuildFile; fileRef = 4CC20B261DAB35F70065266B /* Problem2Tests.swift */; };
		4CC20B291DAB37460065266B /* Problem2.swift in Sources */ = {isa = PBXBuildFile; fileRef = 4CC20B281DAB37460065266B /* Problem2.swift */; };
		4CC20B2A1DAB3B4F0065266B /* Problem2.swift in Sources */ = {isa = PBXBuildFile; fileRef = 4CC20B281DAB37460065266B /* Problem2.swift */; };
		CA0DE8EA9CA360F52FEAF39E /* Pods_ProjectEuler_Swift_Tests.framework in Frameworks */ = {isa = PBXBuildFile; fileRef = 0C15A1D968C3D53007E5F77E /* Pods_ProjectEuler_Swift_Tests.framework */; };
/* End PBXBuildFile section */

/* Begin PBXCopyFilesBuildPhase section */
		4C9F50891DAB262200F172A2 /* CopyFiles */ = {
			isa = PBXCopyFilesBuildPhase;
			buildActionMask = 2147483647;
			dstPath = /usr/share/man/man1/;
			dstSubfolderSpec = 0;
			files = (
			);
			runOnlyForDeploymentPostprocessing = 1;
		};
/* End PBXCopyFilesBuildPhase section */

/* Begin PBXFileReference section */
		0C15A1D968C3D53007E5F77E /* Pods_ProjectEuler_Swift_Tests.framework */ = {isa = PBXFileReference; explicitFileType = wrapper.framework; includeInIndex = 0; path = Pods_ProjectEuler_Swift_Tests.framework; sourceTree = BUILT_PRODUCTS_DIR; };
		191B3407EFF6666C1C538B0C /* Pods-ProjectEuler-Swift-Tests.release.xcconfig */ = {isa = PBXFileReference; includeInIndex = 1; lastKnownFileType = text.xcconfig; name = "Pods-ProjectEuler-Swift-Tests.release.xcconfig"; path = "Pods/Target Support Files/Pods-ProjectEuler-Swift-Tests/Pods-ProjectEuler-Swift-Tests.release.xcconfig"; sourceTree = "<group>"; };
		1929ECE0A8E0F51A2539D5EB /* Pods-ProjectEuler-Swift-Tests.debug.xcconfig */ = {isa = PBXFileReference; includeInIndex = 1; lastKnownFileType = text.xcconfig; name = "Pods-ProjectEuler-Swift-Tests.debug.xcconfig"; path = "Pods/Target Support Files/Pods-ProjectEuler-Swift-Tests/Pods-ProjectEuler-Swift-Tests.debug.xcconfig"; sourceTree = "<group>"; };
		4C2A2BB01DAB26DC00C110FC /* ProjectEuler-Swift-Tests.xctest */ = {isa = PBXFileReference; explicitFileType = wrapper.cfbundle; includeInIndex = 0; path = "ProjectEuler-Swift-Tests.xctest"; sourceTree = BUILT_PRODUCTS_DIR; };
		4C2A2BB21DAB26DC00C110FC /* ProjectEuler_Swift_Tests.swift */ = {isa = PBXFileReference; lastKnownFileType = sourcecode.swift; path = ProjectEuler_Swift_Tests.swift; sourceTree = "<group>"; };
		4C2A2BB41DAB26DC00C110FC /* Info.plist */ = {isa = PBXFileReference; lastKnownFileType = text.plist.xml; path = Info.plist; sourceTree = "<group>"; };
		4C9F508B1DAB262200F172A2 /* ProjectEuler-Swift */ = {isa = PBXFileReference; explicitFileType = "compiled.mach-o.executable"; includeInIndex = 0; path = "ProjectEuler-Swift"; sourceTree = BUILT_PRODUCTS_DIR; };
		4C9F508E1DAB262200F172A2 /* main.swift */ = {isa = PBXFileReference; lastKnownFileType = sourcecode.swift; path = main.swift; sourceTree = "<group>"; };
		4CC20B071DAB2A4D0065266B /* Problem.swift */ = {isa = PBXFileReference; fileEncoding = 4; lastKnownFileType = sourcecode.swift; name = Problem.swift; path = Problems/Problem.swift; sourceTree = "<group>"; };
		4CC20B091DAB2B090065266B /* Problem1.swift */ = {isa = PBXFileReference; fileEncoding = 4; lastKnownFileType = sourcecode.swift; path = Problem1.swift; sourceTree = "<group>"; };
		4CC20B0C1DAB2B650065266B /* Problem1Tests.swift */ = {isa = PBXFileReference; fileEncoding = 4; lastKnownFileType = sourcecode.swift; name = Problem1Tests.swift; path = Problems/Problem1Tests.swift; sourceTree = "<group>"; };
		4CC20B0E1DAB2D880065266B /* Benchmark.framework */ = {isa = PBXFileReference; lastKnownFileType = wrapper.framework; name = Benchmark.framework; path = "../../Library/Developer/Xcode/DerivedData/ProjectEuler-Swift-ffxtluiboywhhqccygohefywirdq/Build/Products/Debug/Benchmark/Benchmark.framework"; sourceTree = "<group>"; };
		4CC20B261DAB35F70065266B /* Problem2Tests.swift */ = {isa = PBXFileReference; fileEncoding = 4; lastKnownFileType = sourcecode.swift; name = Problem2Tests.swift; path = Problems/Problem2Tests.swift; sourceTree = "<group>"; };
		4CC20B281DAB37460065266B /* Problem2.swift */ = {isa = PBXFileReference; fileEncoding = 4; lastKnownFileType = sourcecode.swift; name = Problem2.swift; path = Problems/Problem2.swift; sourceTree = "<group>"; };
		5712E1B5F439AA4A9BE1F736 /* Pods_ProjectEuler_Swift.framework */ = {isa = PBXFileReference; explicitFileType = wrapper.framework; includeInIndex = 0; path = Pods_ProjectEuler_Swift.framework; sourceTree = BUILT_PRODUCTS_DIR; };
/* End PBXFileReference section */

/* Begin PBXFrameworksBuildPhase section */
		4C2A2BAD1DAB26DC00C110FC /* Frameworks */ = {
			isa = PBXFrameworksBuildPhase;
			buildActionMask = 2147483647;
			files = (
				CA0DE8EA9CA360F52FEAF39E /* Pods_ProjectEuler_Swift_Tests.framework in Frameworks */,
			);
			runOnlyForDeploymentPostprocessing = 0;
		};
		4C9F50881DAB262200F172A2 /* Frameworks */ = {
			isa = PBXFrameworksBuildPhase;
			buildActionMask = 2147483647;
			files = (
			);
			runOnlyForDeploymentPostprocessing = 0;
		};
/* End PBXFrameworksBuildPhase section */

/* Begin PBXGroup section */
		4C2A2BB11DAB26DC00C110FC /* ProjectEuler-Swift-Tests */ = {
			isa = PBXGroup;
			children = (
				4CC20B0B1DAB2B4E0065266B /* Problems */,
				4C2A2BB21DAB26DC00C110FC /* ProjectEuler_Swift_Tests.swift */,
				4C2A2BB41DAB26DC00C110FC /* Info.plist */,
			);
			path = "ProjectEuler-Swift-Tests";
			sourceTree = "<group>";
		};
		4C9F50821DAB262200F172A2 = {
			isa = PBXGroup;
			children = (
				4C9F508D1DAB262200F172A2 /* ProjectEuler-Swift */,
				4C2A2BB11DAB26DC00C110FC /* ProjectEuler-Swift-Tests */,
				4C9F508C1DAB262200F172A2 /* Products */,
				AC86A223E2FB32F1B143D51E /* Pods */,
				A4C8F09FBDA110BCE1BDD42A /* Frameworks */,
			);
			sourceTree = "<group>";
		};
		4C9F508C1DAB262200F172A2 /* Products */ = {
			isa = PBXGroup;
			children = (
				4C9F508B1DAB262200F172A2 /* ProjectEuler-Swift */,
				4C2A2BB01DAB26DC00C110FC /* ProjectEuler-Swift-Tests.xctest */,
			);
			name = Products;
			sourceTree = "<group>";
		};
		4C9F508D1DAB262200F172A2 /* ProjectEuler-Swift */ = {
			isa = PBXGroup;
			children = (
				4CC20B061DAB2A340065266B /* Problems */,
				4C9F508E1DAB262200F172A2 /* main.swift */,
			);
			path = "ProjectEuler-Swift";
			sourceTree = "<group>";
		};
		4CC20B061DAB2A340065266B /* Problems */ = {
			isa = PBXGroup;
			children = (
				4CC20B071DAB2A4D0065266B /* Problem.swift */,
				4CC20B091DAB2B090065266B /* Problem1.swift */,
				4CC20B281DAB37460065266B /* Problem2.swift */,
			);
			name = Problems;
			sourceTree = "<group>";
		};
		4CC20B0B1DAB2B4E0065266B /* Problems */ = {
			isa = PBXGroup;
			children = (
				4CC20B0C1DAB2B650065266B /* Problem1Tests.swift */,
				4CC20B261DAB35F70065266B /* Problem2Tests.swift */,
			);
			name = Problems;
			sourceTree = "<group>";
		};
		A4C8F09FBDA110BCE1BDD42A /* Frameworks */ = {
			isa = PBXGroup;
			children = (
				4CC20B0E1DAB2D880065266B /* Benchmark.framework */,
				5712E1B5F439AA4A9BE1F736 /* Pods_ProjectEuler_Swift.framework */,
				0C15A1D968C3D53007E5F77E /* Pods_ProjectEuler_Swift_Tests.framework */,
			);
			name = Frameworks;
			sourceTree = "<group>";
		};
		AC86A223E2FB32F1B143D51E /* Pods */ = {
			isa = PBXGroup;
			children = (
				1929ECE0A8E0F51A2539D5EB /* Pods-ProjectEuler-Swift-Tests.debug.xcconfig */,
				191B3407EFF6666C1C538B0C /* Pods-ProjectEuler-Swift-Tests.release.xcconfig */,
			);
			name = Pods;
			sourceTree = "<group>";
		};
/* End PBXGroup section */

/* Begin PBXNativeTarget section */
		4C2A2BAF1DAB26DC00C110FC /* ProjectEuler-Swift-Tests */ = {
			isa = PBXNativeTarget;
			buildConfigurationList = 4C2A2BB71DAB26DC00C110FC /* Build configuration list for PBXNativeTarget "ProjectEuler-Swift-Tests" */;
			buildPhases = (
				C7030D5FE449820B92F1AE26 /* [CP] Check Pods Manifest.lock */,
				4C2A2BAC1DAB26DC00C110FC /* Sources */,
				4C2A2BAD1DAB26DC00C110FC /* Frameworks */,
				4C2A2BAE1DAB26DC00C110FC /* Resources */,
				59635149F8747321F3D3B3A8 /* [CP] Embed Pods Frameworks */,
				CEF0D69F75DFAD4B8ACED3A8 /* [CP] Copy Pods Resources */,
			);
			buildRules = (
			);
			dependencies = (
			);
			name = "ProjectEuler-Swift-Tests";
			productName = "ProjectEuler-Swift-Tests";
			productReference = 4C2A2BB01DAB26DC00C110FC /* ProjectEuler-Swift-Tests.xctest */;
			productType = "com.apple.product-type.bundle.unit-test";
		};
		4C9F508A1DAB262200F172A2 /* ProjectEuler-Swift */ = {
			isa = PBXNativeTarget;
			buildConfigurationList = 4C9F50921DAB262200F172A2 /* Build configuration list for PBXNativeTarget "ProjectEuler-Swift" */;
			buildPhases = (
				4C9F50871DAB262200F172A2 /* Sources */,
				4C9F50881DAB262200F172A2 /* Frameworks */,
				4C9F50891DAB262200F172A2 /* CopyFiles */,
			);
			buildRules = (
			);
			dependencies = (
			);
			name = "ProjectEuler-Swift";
			productName = "ProjectEuler-Swift";
			productReference = 4C9F508B1DAB262200F172A2 /* ProjectEuler-Swift */;
			productType = "com.apple.product-type.tool";
		};
/* End PBXNativeTarget section */

/* Begin PBXProject section */
		4C9F50831DAB262200F172A2 /* Project object */ = {
			isa = PBXProject;
			attributes = {
				LastSwiftUpdateCheck = 0810;
				LastUpgradeCheck = 0810;
				ORGANIZATIONNAME = swiftycruz;
				TargetAttributes = {
					4C2A2BAF1DAB26DC00C110FC = {
						CreatedOnToolsVersion = 8.0;
						ProvisioningStyle = Automatic;
					};
					4C9F508A1DAB262200F172A2 = {
						CreatedOnToolsVersion = 8.0;
						ProvisioningStyle = Automatic;
					};
				};
			};
			buildConfigurationList = 4C9F50861DAB262200F172A2 /* Build configuration list for PBXProject "ProjectEuler-Swift" */;
			compatibilityVersion = "Xcode 3.2";
			developmentRegion = English;
			hasScannedForEncodings = 0;
			knownRegions = (
				en,
				Base,
			);
			mainGroup = 4C9F50821DAB262200F172A2;
			productRefGroup = 4C9F508C1DAB262200F172A2 /* Products */;
			projectDirPath = "";
			projectRoot = "";
			targets = (
				4C9F508A1DAB262200F172A2 /* ProjectEuler-Swift */,
				4C2A2BAF1DAB26DC00C110FC /* ProjectEuler-Swift-Tests */,
			);
		};
/* End PBXProject section */

/* Begin PBXResourcesBuildPhase section */
		4C2A2BAE1DAB26DC00C110FC /* Resources */ = {
			isa = PBXResourcesBuildPhase;
			buildActionMask = 2147483647;
			files = (
			);
			runOnlyForDeploymentPostprocessing = 0;
		};
/* End PBXResourcesBuildPhase section */

/* Begin PBXShellScriptBuildPhase section */
		59635149F8747321F3D3B3A8 /* [CP] Embed Pods Frameworks */ = {
			isa = PBXShellScriptBuildPhase;
			buildActionMask = 2147483647;
			files = (
			);
			inputPaths = (
			);
			name = "[CP] Embed Pods Frameworks";
			outputPaths = (
			);
			runOnlyForDeploymentPostprocessing = 0;
			shellPath = /bin/sh;
			shellScript = "\"${SRCROOT}/Pods/Target Support Files/Pods-ProjectEuler-Swift-Tests/Pods-ProjectEuler-Swift-Tests-frameworks.sh\"\n";
			showEnvVarsInLog = 0;
		};
		C7030D5FE449820B92F1AE26 /* [CP] Check Pods Manifest.lock */ = {
			isa = PBXShellScriptBuildPhase;
			buildActionMask = 2147483647;
			files = (
			);
			inputPaths = (
			);
			name = "[CP] Check Pods Manifest.lock";
			outputPaths = (
			);
			runOnlyForDeploymentPostprocessing = 0;
			shellPath = /bin/sh;
			shellScript = "diff \"${PODS_ROOT}/../Podfile.lock\" \"${PODS_ROOT}/Manifest.lock\" > /dev/null\nif [ $? != 0 ] ; then\n    # print error to STDERR\n    echo \"error: The sandbox is not in sync with the Podfile.lock. Run 'pod install' or update your CocoaPods installation.\" >&2\n    exit 1\nfi\n";
			showEnvVarsInLog = 0;
		};
		CEF0D69F75DFAD4B8ACED3A8 /* [CP] Copy Pods Resources */ = {
			isa = PBXShellScriptBuildPhase;
			buildActionMask = 2147483647;
			files = (
			);
			inputPaths = (
			);
			name = "[CP] Copy Pods Resources";
			outputPaths = (
			);
			runOnlyForDeploymentPostprocessing = 0;
			shellPath = /bin/sh;
			shellScript = "\"${SRCROOT}/Pods/Target Support Files/Pods-ProjectEuler-Swift-Tests/Pods-ProjectEuler-Swift-Tests-resources.sh\"\n";
			showEnvVarsInLog = 0;
		};
/* End PBXShellScriptBuildPhase section */

/* Begin PBXSourcesBuildPhase section */
		4C2A2BAC1DAB26DC00C110FC /* Sources */ = {
			isa = PBXSourcesBuildPhase;
			buildActionMask = 2147483647;
			files = (
				4C2A2BB31DAB26DC00C110FC /* ProjectEuler_Swift_Tests.swift in Sources */,
				4CC20B2A1DAB3B4F0065266B /* Problem2.swift in Sources */,
				4CC20B251DAB2F520065266B /* main.swift in Sources */,
				4CC20B231DAB2F4F0065266B /* Problem.swift in Sources */,
				4CC20B0D1DAB2B650065266B /* Problem1Tests.swift in Sources */,
				4CC20B271DAB35F70065266B /* Problem2Tests.swift in Sources */,
				4CC20B241DAB2F4F0065266B /* Problem1.swift in Sources */,
			);
			runOnlyForDeploymentPostprocessing = 0;
		};
		4C9F50871DAB262200F172A2 /* Sources */ = {
			isa = PBXSourcesBuildPhase;
			buildActionMask = 2147483647;
			files = (
				4CC20B291DAB37460065266B /* Problem2.swift in Sources */,
				4CC20B0A1DAB2B090065266B /* Problem1.swift in Sources */,
				4C9F508F1DAB262200F172A2 /* main.swift in Sources */,
				4CC20B081DAB2A4D0065266B /* Problem.swift in Sources */,
			);
			runOnlyForDeploymentPostprocessing = 0;
		};
/* End PBXSourcesBuildPhase section */

/* Begin XCBuildConfiguration section */
		4C2A2BB51DAB26DC00C110FC /* Debug */ = {
			isa = XCBuildConfiguration;
			baseConfigurationReference = 1929ECE0A8E0F51A2539D5EB /* Pods-ProjectEuler-Swift-Tests.debug.xcconfig */;
			buildSettings = {
				ALWAYS_EMBED_SWIFT_STANDARD_LIBRARIES = YES;
				COMBINE_HIDPI_IMAGES = YES;
				INFOPLIST_FILE = "ProjectEuler-Swift-Tests/Info.plist";
				LD_RUNPATH_SEARCH_PATHS = "$(inherited) @executable_path/../Frameworks @loader_path/../Frameworks";
				PRODUCT_BUNDLE_IDENTIFIER = "com.swiftycruz.ProjectEuler-Swift-Tests";
				PRODUCT_NAME = "$(TARGET_NAME)";
				SWIFT_ACTIVE_COMPILATION_CONDITIONS = DEBUG;
				SWIFT_VERSION = 3.0;
			};
			name = Debug;
		};
		4C2A2BB61DAB26DC00C110FC /* Release */ = {
			isa = XCBuildConfiguration;
			baseConfigurationReference = 191B3407EFF6666C1C538B0C /* Pods-ProjectEuler-Swift-Tests.release.xcconfig */;
			buildSettings = {
				ALWAYS_EMBED_SWIFT_STANDARD_LIBRARIES = YES;
				COMBINE_HIDPI_IMAGES = YES;
				INFOPLIST_FILE = "ProjectEuler-Swift-Tests/Info.plist";
				LD_RUNPATH_SEARCH_PATHS = "$(inherited) @executable_path/../Frameworks @loader_path/../Frameworks";
				PRODUCT_BUNDLE_IDENTIFIER = "com.swiftycruz.ProjectEuler-Swift-Tests";
				PRODUCT_NAME = "$(TARGET_NAME)";
				SWIFT_OPTIMIZATION_LEVEL = "-Owholemodule";
				SWIFT_VERSION = 3.0;
			};
			name = Release;
		};
		4C9F50901DAB262200F172A2 /* Debug */ = {
			isa = XCBuildConfiguration;
			buildSettings = {
				ALWAYS_SEARCH_USER_PATHS = NO;
				CLANG_ANALYZER_NONNULL = YES;
				CLANG_CXX_LANGUAGE_STANDARD = "gnu++0x";
				CLANG_CXX_LIBRARY = "libc++";
				CLANG_ENABLE_MODULES = YES;
				CLANG_ENABLE_OBJC_ARC = YES;
				CLANG_WARN_BOOL_CONVERSION = YES;
				CLANG_WARN_CONSTANT_CONVERSION = YES;
				CLANG_WARN_DIRECT_OBJC_ISA_USAGE = YES_ERROR;
				CLANG_WARN_DOCUMENTATION_COMMENTS = YES;
				CLANG_WARN_EMPTY_BODY = YES;
				CLANG_WARN_ENUM_CONVERSION = YES;
				CLANG_WARN_INFINITE_RECURSION = YES;
				CLANG_WARN_INT_CONVERSION = YES;
				CLANG_WARN_OBJC_ROOT_CLASS = YES_ERROR;
				CLANG_WARN_SUSPICIOUS_MOVE = YES;
				CLANG_WARN_SUSPICIOUS_MOVES = YES;
				CLANG_WARN_UNREACHABLE_CODE = YES;
				CLANG_WARN__DUPLICATE_METHOD_MATCH = YES;
				CODE_SIGN_IDENTITY = "-";
				COPY_PHASE_STRIP = NO;
				DEBUG_INFORMATION_FORMAT = dwarf;
				ENABLE_STRICT_OBJC_MSGSEND = YES;
				ENABLE_TESTABILITY = YES;
				GCC_C_LANGUAGE_STANDARD = gnu99;
				GCC_DYNAMIC_NO_PIC = NO;
				GCC_NO_COMMON_BLOCKS = YES;
				GCC_OPTIMIZATION_LEVEL = 0;
				GCC_PREPROCESSOR_DEFINITIONS = (
					"DEBUG=1",
					"$(inherited)",
				);
				GCC_WARN_64_TO_32_BIT_CONVERSION = YES;
				GCC_WARN_ABOUT_RETURN_TYPE = YES_ERROR;
				GCC_WARN_UNDECLARED_SELECTOR = YES;
				GCC_WARN_UNINITIALIZED_AUTOS = YES_AGGRESSIVE;
				GCC_WARN_UNUSED_FUNCTION = YES;
				GCC_WARN_UNUSED_VARIABLE = YES;
				MACOSX_DEPLOYMENT_TARGET = 10.12;
				MTL_ENABLE_DEBUG_INFO = YES;
				ONLY_ACTIVE_ARCH = YES;
				SDKROOT = macosx;
				SWIFT_OPTIMIZATION_LEVEL = "-Onone";
			};
			name = Debug;
		};
		4C9F50911DAB262200F172A2 /* Release */ = {
			isa = XCBuildConfiguration;
			buildSettings = {
				ALWAYS_SEARCH_USER_PATHS = NO;
				CLANG_ANALYZER_NONNULL = YES;
				CLANG_CXX_LANGUAGE_STANDARD = "gnu++0x";
				CLANG_CXX_LIBRARY = "libc++";
				CLANG_ENABLE_MODULES = YES;
				CLANG_ENABLE_OBJC_ARC = YES;
				CLANG_WARN_BOOL_CONVERSION = YES;
				CLANG_WARN_CONSTANT_CONVERSION = YES;
				CLANG_WARN_DIRECT_OBJC_ISA_USAGE = YES_ERROR;
				CLANG_WARN_DOCUMENTATION_COMMENTS = YES;
				CLANG_WARN_EMPTY_BODY = YES;
				CLANG_WARN_ENUM_CONVERSION = YES;
				CLANG_WARN_INFINITE_RECURSION = YES;
				CLANG_WARN_INT_CONVERSION = YES;
				CLANG_WARN_OBJC_ROOT_CLASS = YES_ERROR;
				CLANG_WARN_SUSPICIOUS_MOVE = YES;
				CLANG_WARN_SUSPICIOUS_MOVES = YES;
				CLANG_WARN_UNREACHABLE_CODE = YES;
				CLANG_WARN__DUPLICATE_METHOD_MATCH = YES;
				CODE_SIGN_IDENTITY = "-";
				COPY_PHASE_STRIP = NO;
				DEBUG_INFORMATION_FORMAT = "dwarf-with-dsym";
				ENABLE_NS_ASSERTIONS = NO;
				ENABLE_STRICT_OBJC_MSGSEND = YES;
				GCC_C_LANGUAGE_STANDARD = gnu99;
				GCC_NO_COMMON_BLOCKS = YES;
				GCC_WARN_64_TO_32_BIT_CONVERSION = YES;
				GCC_WARN_ABOUT_RETURN_TYPE = YES_ERROR;
				GCC_WARN_UNDECLARED_SELECTOR = YES;
				GCC_WARN_UNINITIALIZED_AUTOS = YES_AGGRESSIVE;
				GCC_WARN_UNUSED_FUNCTION = YES;
				GCC_WARN_UNUSED_VARIABLE = YES;
				MACOSX_DEPLOYMENT_TARGET = 10.12;
				MTL_ENABLE_DEBUG_INFO = NO;
				SDKROOT = macosx;
				SWIFT_OPTIMIZATION_LEVEL = "-Owholemodule";
			};
			name = Release;
		};
		4C9F50931DAB262200F172A2 /* Debug */ = {
			isa = XCBuildConfiguration;
			buildSettings = {
				GCC_OPTIMIZATION_LEVEL = 3;
				PRODUCT_NAME = "$(TARGET_NAME)";
				SWIFT_OPTIMIZATION_LEVEL = "-O";
				SWIFT_VERSION = 3.0;
			};
			name = Debug;
		};
		4C9F50941DAB262200F172A2 /* Release */ = {
			isa = XCBuildConfiguration;
			buildSettings = {
				PRODUCT_NAME = "$(TARGET_NAME)";
				SWIFT_VERSION = 3.0;
			};
			name = Release;
		};
/* End XCBuildConfiguration section */

/* Begin XCConfigurationList section */
		4C2A2BB71DAB26DC00C110FC /* Build configuration list for PBXNativeTarget "ProjectEuler-Swift-Tests" */ = {
			isa = XCConfigurationList;
			buildConfigurations = (
				4C2A2BB51DAB26DC00C110FC /* Debug */,
				4C2A2BB61DAB26DC00C110FC /* Release */,
			);
			defaultConfigurationIsVisible = 0;
			defaultConfigurationName = Release;
		};
		4C9F50861DAB262200F172A2 /* Build configuration list for PBXProject "ProjectEuler-Swift" */ = {
			isa = XCConfigurationList;
			buildConfigurations = (
				4C9F50901DAB262200F172A2 /* Debug */,
				4C9F50911DAB262200F172A2 /* Release */,
			);
			defaultConfigurationIsVisible = 0;
			defaultConfigurationName = Release;
		};
		4C9F50921DAB262200F172A2 /* Build configuration list for PBXNativeTarget "ProjectEuler-Swift" */ = {
			isa = XCConfigurationList;
			buildConfigurations = (
				4C9F50931DAB262200F172A2 /* Debug */,
				4C9F50941DAB262200F172A2 /* Release */,
			);
			defaultConfigurationIsVisible = 0;
			defaultConfigurationName = Release;
		};
/* End XCConfigurationList section */
	};
	rootObject = 4C9F50831DAB262200F172A2 /* Project object */;
}
